
Microsoft Visual Studio Solution File, Format Version 12.00
# Visual Studio Version 17
VisualStudioVersion = 17.5.33516.290
MinimumVisualStudioVersion = 10.0.40219.1
Project("{888888A0-9F3D-457C-B088-3A5042F75D52}") = "chat vk", "chat vk\chat vk.pyproj", "{79417127-3AAE-4F47-B87B-A44D8EF3338D}"
EndProject
Global
	GlobalSection(SolutionConfigurationPlatforms) = preSolution
		Debug|Any CPU = Debug|Any CPU
		Release|Any CPU = Release|Any CPU
	EndGlobalSection
	GlobalSection(ProjectConfigurationPlatforms) = postSolution
		{79417127-3AAE-4F47-B87B-A44D8EF3338D}.Debug|Any CPU.ActiveCfg = Debug|Any CPU
		{79417127-3AAE-4F47-B87B-A44D8EF3338D}.Release|Any CPU.ActiveCfg = Release|Any CPU
	EndGlobalSection
	GlobalSection(SolutionProperties) = preSolution
		HideSolutionNode = FALSE
	EndGlobalSection
	GlobalSection(ExtensibilityGlobals) = postSolution
		SolutionGuid = {B1A3BB76-4F57-4A9F-8914-F5607206684F}
	EndGlobalSection
EndGlobal
